// !$*UTF8*$!
{
	archiveVersion = 1;
	classes = {
	};
	objectVersion = 46;
	objects = {

/* Begin PBXBuildFile section */
		2137E05A15373A72CED2B253 /* libPods-FunctionalReactivePixels.a in Frameworks */ = {isa = PBXBuildFile; fileRef = F6AD0C094581DA9588EF3865 /* libPods-FunctionalReactivePixels.a */; };
		CAB749221D33D5C700CF224C /* main.m in Sources */ = {isa = PBXBuildFile; fileRef = CAB749211D33D5C700CF224C /* main.m */; };
		CAB749251D33D5C700CF224C /* AppDelegate.m in Sources */ = {isa = PBXBuildFile; fileRef = CAB749241D33D5C700CF224C /* AppDelegate.m */; };
		CAB749281D33D5C700CF224C /* ViewController.m in Sources */ = {isa = PBXBuildFile; fileRef = CAB749271D33D5C700CF224C /* ViewController.m */; };
		CAB7492B1D33D5C700CF224C /* Main.storyboard in Resources */ = {isa = PBXBuildFile; fileRef = CAB749291D33D5C700CF224C /* Main.storyboard */; };
		CAB7492E1D33D5C700CF224C /* FunctionalReactivePixels.xcdatamodeld in Sources */ = {isa = PBXBuildFile; fileRef = CAB7492C1D33D5C700CF224C /* FunctionalReactivePixels.xcdatamodeld */; };
		CAB749301D33D5C700CF224C /* Assets.xcassets in Resources */ = {isa = PBXBuildFile; fileRef = CAB7492F1D33D5C700CF224C /* Assets.xcassets */; };
		CAB749331D33D5C700CF224C /* LaunchScreen.storyboard in Resources */ = {isa = PBXBuildFile; fileRef = CAB749311D33D5C700CF224C /* LaunchScreen.storyboard */; };
		CAB7493F1D33D72800CF224C /* FRPGalleryFlowLayout.m in Sources */ = {isa = PBXBuildFile; fileRef = CAB7493E1D33D72800CF224C /* FRPGalleryFlowLayout.m */; };
		CAB749421D33D9B400CF224C /* FRPGalleryViewController.m in Sources */ = {isa = PBXBuildFile; fileRef = CAB749411D33D9B400CF224C /* FRPGalleryViewController.m */; };
		CAB749461D33DEC200CF224C /* FRPPhotoModel.m in Sources */ = {isa = PBXBuildFile; fileRef = CAB749451D33DEC200CF224C /* FRPPhotoModel.m */; };
		CAB7494A1D33DF7A00CF224C /* FRPPhotoImporter.m in Sources */ = {isa = PBXBuildFile; fileRef = CAB749491D33DF7A00CF224C /* FRPPhotoImporter.m */; };
		CAB749541D34C8AE00CF224C /* FRPCell.m in Sources */ = {isa = PBXBuildFile; fileRef = CAB749531D34C8AE00CF224C /* FRPCell.m */; };
		CAB749571D34D54500CF224C /* FRPFullSizePhotoViewController.m in Sources */ = {isa = PBXBuildFile; fileRef = CAB749561D34D54500CF224C /* FRPFullSizePhotoViewController.m */; };
		CAB7495A1D34DB4D00CF224C /* FRPPhotoViewController.m in Sources */ = {isa = PBXBuildFile; fileRef = CAB749591D34DB4D00CF224C /* FRPPhotoViewController.m */; };
/* End PBXBuildFile section */

/* Begin PBXFileReference section */
		6C0D325733B7111599BD185A /* Pods-FunctionalReactivePixels.release.xcconfig */ = {isa = PBXFileReference; includeInIndex = 1; lastKnownFileType = text.xcconfig; name = "Pods-FunctionalReactivePixels.release.xcconfig"; path = "Pods/Target Support Files/Pods-FunctionalReactivePixels/Pods-FunctionalReactivePixels.release.xcconfig"; sourceTree = "<group>"; };
		CAB7491D1D33D5C700CF224C /* FunctionalReactivePixels.app */ = {isa = PBXFileReference; explicitFileType = wrapper.application; includeInIndex = 0; path = FunctionalReactivePixels.app; sourceTree = BUILT_PRODUCTS_DIR; };
		CAB749211D33D5C700CF224C /* main.m */ = {isa = PBXFileReference; lastKnownFileType = sourcecode.c.objc; path = main.m; sourceTree = "<group>"; };
		CAB749231D33D5C700CF224C /* AppDelegate.h */ = {isa = PBXFileReference; lastKnownFileType = sourcecode.c.h; path = AppDelegate.h; sourceTree = "<group>"; };
		CAB749241D33D5C700CF224C /* AppDelegate.m */ = {isa = PBXFileReference; lastKnownFileType = sourcecode.c.objc; path = AppDelegate.m; sourceTree = "<group>"; };
		CAB749261D33D5C700CF224C /* ViewController.h */ = {isa = PBXFileReference; lastKnownFileType = sourcecode.c.h; path = ViewController.h; sourceTree = "<group>"; };
		CAB749271D33D5C700CF224C /* ViewController.m */ = {isa = PBXFileReference; lastKnownFileType = sourcecode.c.objc; path = ViewController.m; sourceTree = "<group>"; };
		CAB7492A1D33D5C700CF224C /* Base */ = {isa = PBXFileReference; lastKnownFileType = file.storyboard; name = Base; path = Base.lproj/Main.storyboard; sourceTree = "<group>"; };
		CAB7492D1D33D5C700CF224C /* FunctionalReactivePixels.xcdatamodel */ = {isa = PBXFileReference; lastKnownFileType = wrapper.xcdatamodel; path = FunctionalReactivePixels.xcdatamodel; sourceTree = "<group>"; };
		CAB7492F1D33D5C700CF224C /* Assets.xcassets */ = {isa = PBXFileReference; lastKnownFileType = folder.assetcatalog; path = Assets.xcassets; sourceTree = "<group>"; };
		CAB749321D33D5C700CF224C /* Base */ = {isa = PBXFileReference; lastKnownFileType = file.storyboard; name = Base; path = Base.lproj/LaunchScreen.storyboard; sourceTree = "<group>"; };
		CAB749341D33D5C700CF224C /* Info.plist */ = {isa = PBXFileReference; lastKnownFileType = text.plist.xml; path = Info.plist; sourceTree = "<group>"; };
		CAB7493D1D33D72800CF224C /* FRPGalleryFlowLayout.h */ = {isa = PBXFileReference; fileEncoding = 4; lastKnownFileType = sourcecode.c.h; path = FRPGalleryFlowLayout.h; sourceTree = "<group>"; };
		CAB7493E1D33D72800CF224C /* FRPGalleryFlowLayout.m */ = {isa = PBXFileReference; fileEncoding = 4; lastKnownFileType = sourcecode.c.objc; path = FRPGalleryFlowLayout.m; sourceTree = "<group>"; };
		CAB749401D33D9B400CF224C /* FRPGalleryViewController.h */ = {isa = PBXFileReference; fileEncoding = 4; lastKnownFileType = sourcecode.c.h; path = FRPGalleryViewController.h; sourceTree = "<group>"; };
		CAB749411D33D9B400CF224C /* FRPGalleryViewController.m */ = {isa = PBXFileReference; fileEncoding = 4; lastKnownFileType = sourcecode.c.objc; path = FRPGalleryViewController.m; sourceTree = "<group>"; };
		CAB749431D33DBFC00CF224C /* FRPixels-Prefix.pch */ = {isa = PBXFileReference; lastKnownFileType = sourcecode.c.h; path = "FRPixels-Prefix.pch"; sourceTree = "<group>"; };
		CAB749441D33DEC200CF224C /* FRPPhotoModel.h */ = {isa = PBXFileReference; fileEncoding = 4; lastKnownFileType = sourcecode.c.h; path = FRPPhotoModel.h; sourceTree = "<group>"; };
		CAB749451D33DEC200CF224C /* FRPPhotoModel.m */ = {isa = PBXFileReference; fileEncoding = 4; lastKnownFileType = sourcecode.c.objc; path = FRPPhotoModel.m; sourceTree = "<group>"; };
		CAB749481D33DF7A00CF224C /* FRPPhotoImporter.h */ = {isa = PBXFileReference; fileEncoding = 4; lastKnownFileType = sourcecode.c.h; path = FRPPhotoImporter.h; sourceTree = "<group>"; };
		CAB749491D33DF7A00CF224C /* FRPPhotoImporter.m */ = {isa = PBXFileReference; fileEncoding = 4; lastKnownFileType = sourcecode.c.objc; path = FRPPhotoImporter.m; sourceTree = "<group>"; };
		CAB749521D34C8AE00CF224C /* FRPCell.h */ = {isa = PBXFileReference; fileEncoding = 4; lastKnownFileType = sourcecode.c.h; path = FRPCell.h; sourceTree = "<group>"; };
		CAB749531D34C8AE00CF224C /* FRPCell.m */ = {isa = PBXFileReference; fileEncoding = 4; lastKnownFileType = sourcecode.c.objc; path = FRPCell.m; sourceTree = "<group>"; };
		CAB749551D34D54500CF224C /* FRPFullSizePhotoViewController.h */ = {isa = PBXFileReference; fileEncoding = 4; lastKnownFileType = sourcecode.c.h; path = FRPFullSizePhotoViewController.h; sourceTree = "<group>"; };
		CAB749561D34D54500CF224C /* FRPFullSizePhotoViewController.m */ = {isa = PBXFileReference; fileEncoding = 4; lastKnownFileType = sourcecode.c.objc; path = FRPFullSizePhotoViewController.m; sourceTree = "<group>"; };
		CAB749581D34DB4D00CF224C /* FRPPhotoViewController.h */ = {isa = PBXFileReference; fileEncoding = 4; lastKnownFileType = sourcecode.c.h; path = FRPPhotoViewController.h; sourceTree = "<group>"; };
		CAB749591D34DB4D00CF224C /* FRPPhotoViewController.m */ = {isa = PBXFileReference; fileEncoding = 4; lastKnownFileType = sourcecode.c.objc; path = FRPPhotoViewController.m; sourceTree = "<group>"; };
		EDDB3645049D8558B545BA47 /* Pods-FunctionalReactivePixels.debug.xcconfig */ = {isa = PBXFileReference; includeInIndex = 1; lastKnownFileType = text.xcconfig; name = "Pods-FunctionalReactivePixels.debug.xcconfig"; path = "Pods/Target Support Files/Pods-FunctionalReactivePixels/Pods-FunctionalReactivePixels.debug.xcconfig"; sourceTree = "<group>"; };
		F6AD0C094581DA9588EF3865 /* libPods-FunctionalReactivePixels.a */ = {isa = PBXFileReference; explicitFileType = archive.ar; includeInIndex = 0; path = "libPods-FunctionalReactivePixels.a"; sourceTree = BUILT_PRODUCTS_DIR; };
/* End PBXFileReference section */

/* Begin PBXFrameworksBuildPhase section */
		CAB7491A1D33D5C700CF224C /* Frameworks */ = {
			isa = PBXFrameworksBuildPhase;
			buildActionMask = 2147483647;
			files = (
				2137E05A15373A72CED2B253 /* libPods-FunctionalReactivePixels.a in Frameworks */,
			);
			runOnlyForDeploymentPostprocessing = 0;
		};
/* End PBXFrameworksBuildPhase section */

/* Begin PBXGroup section */
		616EC9C63C2A977EE41AE8E2 /* Pods */ = {
			isa = PBXGroup;
			children = (
				EDDB3645049D8558B545BA47 /* Pods-FunctionalReactivePixels.debug.xcconfig */,
				6C0D325733B7111599BD185A /* Pods-FunctionalReactivePixels.release.xcconfig */,
			);
			name = Pods;
			sourceTree = "<group>";
		};
		CAB749141D33D5C700CF224C = {
			isa = PBXGroup;
			children = (
				CAB7491F1D33D5C700CF224C /* FunctionalReactivePixels */,
				CAB7491E1D33D5C700CF224C /* Products */,
				616EC9C63C2A977EE41AE8E2 /* Pods */,
				E82E8C324CA468DCB10E47A2 /* Frameworks */,
			);
			sourceTree = "<group>";
		};
		CAB7491E1D33D5C700CF224C /* Products */ = {
			isa = PBXGroup;
			children = (
				CAB7491D1D33D5C700CF224C /* FunctionalReactivePixels.app */,
			);
			name = Products;
			sourceTree = "<group>";
		};
		CAB7491F1D33D5C700CF224C /* FunctionalReactivePixels */ = {
			isa = PBXGroup;
			children = (
				CAB749521D34C8AE00CF224C /* FRPCell.h */,
				CAB749531D34C8AE00CF224C /* FRPCell.m */,
				CAB7494B1D34C02900CF224C /* CollectionVC */,
				CAB749471D33DF4D00CF224C /* Model */,
				CAB749231D33D5C700CF224C /* AppDelegate.h */,
				CAB749241D33D5C700CF224C /* AppDelegate.m */,
				CAB749261D33D5C700CF224C /* ViewController.h */,
				CAB749271D33D5C700CF224C /* ViewController.m */,
				CAB749431D33DBFC00CF224C /* FRPixels-Prefix.pch */,
				CAB749291D33D5C700CF224C /* Main.storyboard */,
				CAB7492F1D33D5C700CF224C /* Assets.xcassets */,
				CAB749311D33D5C700CF224C /* LaunchScreen.storyboard */,
				CAB749341D33D5C700CF224C /* Info.plist */,
				CAB7492C1D33D5C700CF224C /* FunctionalReactivePixels.xcdatamodeld */,
				CAB749201D33D5C700CF224C /* Supporting Files */,
			);
			path = FunctionalReactivePixels;
			sourceTree = "<group>";
		};
		CAB749201D33D5C700CF224C /* Supporting Files */ = {
			isa = PBXGroup;
			children = (
				CAB749211D33D5C700CF224C /* main.m */,
			);
			name = "Supporting Files";
			sourceTree = "<group>";
		};
		CAB749471D33DF4D00CF224C /* Model */ = {
			isa = PBXGroup;
			children = (
				CAB749441D33DEC200CF224C /* FRPPhotoModel.h */,
				CAB749451D33DEC200CF224C /* FRPPhotoModel.m */,
				CAB749481D33DF7A00CF224C /* FRPPhotoImporter.h */,
				CAB749491D33DF7A00CF224C /* FRPPhotoImporter.m */,
			);
			name = Model;
			sourceTree = "<group>";
		};
		CAB7494B1D34C02900CF224C /* CollectionVC */ = {
			isa = PBXGroup;
			children = (
				CAB749401D33D9B400CF224C /* FRPGalleryViewController.h */,
				CAB749411D33D9B400CF224C /* FRPGalleryViewController.m */,
				CAB749551D34D54500CF224C /* FRPFullSizePhotoViewController.h */,
				CAB749561D34D54500CF224C /* FRPFullSizePhotoViewController.m */,
				CAB7493D1D33D72800CF224C /* FRPGalleryFlowLayout.h */,
				CAB7493E1D33D72800CF224C /* FRPGalleryFlowLayout.m */,
				CAB749581D34DB4D00CF224C /* FRPPhotoViewController.h */,
				CAB749591D34DB4D00CF224C /* FRPPhotoViewController.m */,
			);
			name = CollectionVC;
			sourceTree = "<group>";
		};
		E82E8C324CA468DCB10E47A2 /* Frameworks */ = {
			isa = PBXGroup;
			children = (
				F6AD0C094581DA9588EF3865 /* libPods-FunctionalReactivePixels.a */,
			);
			name = Frameworks;
			sourceTree = "<group>";
		};
/* End PBXGroup section */

/* Begin PBXNativeTarget section */
		CAB7491C1D33D5C700CF224C /* FunctionalReactivePixels */ = {
			isa = PBXNativeTarget;
			buildConfigurationList = CAB749371D33D5C700CF224C /* Build configuration list for PBXNativeTarget "FunctionalReactivePixels" */;
			buildPhases = (
				612ACE51D29D2B303C5B64C3 /* Check Pods Manifest.lock */,
				CAB749191D33D5C700CF224C /* Sources */,
				CAB7491A1D33D5C700CF224C /* Frameworks */,
				CAB7491B1D33D5C700CF224C /* Resources */,
				755891F659EFDA2523DF6403 /* Embed Pods Frameworks */,
				6229693F74633ECDCB0FAD12 /* Copy Pods Resources */,
			);
			buildRules = (
			);
			dependencies = (
			);
			name = FunctionalReactivePixels;
			productName = FunctionalReactivePixels;
			productReference = CAB7491D1D33D5C700CF224C /* FunctionalReactivePixels.app */;
			productType = "com.apple.product-type.application";
		};
/* End PBXNativeTarget section */

/* Begin PBXProject section */
		CAB749151D33D5C700CF224C /* Project object */ = {
			isa = PBXProject;
			attributes = {
				LastUpgradeCheck = 0730;
				ORGANIZATIONNAME = mcan;
				TargetAttributes = {
					CAB7491C1D33D5C700CF224C = {
						CreatedOnToolsVersion = 7.3.1;
						DevelopmentTeam = 8VXJWE28Q2;
					};
				};
			};
			buildConfigurationList = CAB749181D33D5C700CF224C /* Build configuration list for PBXProject "FunctionalReactivePixels" */;
			compatibilityVersion = "Xcode 3.2";
			developmentRegion = English;
			hasScannedForEncodings = 0;
			knownRegions = (
				en,
				Base,
			);
			mainGroup = CAB749141D33D5C700CF224C;
			productRefGroup = CAB7491E1D33D5C700CF224C /* Products */;
			projectDirPath = "";
			projectRoot = "";
			targets = (
				CAB7491C1D33D5C700CF224C /* FunctionalReactivePixels */,
			);
		};
/* End PBXProject section */

/* Begin PBXResourcesBuildPhase section */
		CAB7491B1D33D5C700CF224C /* Resources */ = {
			isa = PBXResourcesBuildPhase;
			buildActionMask = 2147483647;
			files = (
				CAB749331D33D5C700CF224C /* LaunchScreen.storyboard in Resources */,
				CAB749301D33D5C700CF224C /* Assets.xcassets in Resources */,
				CAB7492B1D33D5C700CF224C /* Main.storyboard in Resources */,
			);
			runOnlyForDeploymentPostprocessing = 0;
		};
/* End PBXResourcesBuildPhase section */

/* Begin PBXShellScriptBuildPhase section */
		612ACE51D29D2B303C5B64C3 /* Check Pods Manifest.lock */ = {
			isa = PBXShellScriptBuildPhase;
			buildActionMask = 2147483647;
			files = (
			);
			inputPaths = (
			);
			name = "Check Pods Manifest.lock";
			outputPaths = (
			);
			runOnlyForDeploymentPostprocessing = 0;
			shellPath = /bin/sh;
			shellScript = "diff \"${PODS_ROOT}/../Podfile.lock\" \"${PODS_ROOT}/Manifest.lock\" > /dev/null\nif [[ $? != 0 ]] ; then\n    cat << EOM\nerror: The sandbox is not in sync with the Podfile.lock. Run 'pod install' or update your CocoaPods installation.\nEOM\n    exit 1\nfi\n";
			showEnvVarsInLog = 0;
		};
		6229693F74633ECDCB0FAD12 /* Copy Pods Resources */ = {
			isa = PBXShellScriptBuildPhase;
			buildActionMask = 2147483647;
			files = (
			);
			inputPaths = (
			);
			name = "Copy Pods Resources";
			outputPaths = (
			);
			runOnlyForDeploymentPostprocessing = 0;
			shellPath = /bin/sh;
			shellScript = "\"${SRCROOT}/Pods/Target Support Files/Pods-FunctionalReactivePixels/Pods-FunctionalReactivePixels-resources.sh\"\n";
			showEnvVarsInLog = 0;
		};
		755891F659EFDA2523DF6403 /* Embed Pods Frameworks */ = {
			isa = PBXShellScriptBuildPhase;
			buildActionMask = 2147483647;
			files = (
			);
			inputPaths = (
			);
			name = "Embed Pods Frameworks";
			outputPaths = (
			);
			runOnlyForDeploymentPostprocessing = 0;
			shellPath = /bin/sh;
			shellScript = "\"${SRCROOT}/Pods/Target Support Files/Pods-FunctionalReactivePixels/Pods-FunctionalReactivePixels-frameworks.sh\"\n";
			showEnvVarsInLog = 0;
		};
/* End PBXShellScriptBuildPhase section */

/* Begin PBXSourcesBuildPhase section */
		CAB749191D33D5C700CF224C /* Sources */ = {
			isa = PBXSourcesBuildPhase;
			buildActionMask = 2147483647;
			files = (
				CAB7492E1D33D5C700CF224C /* FunctionalReactivePixels.xcdatamodeld in Sources */,
				CAB7494A1D33DF7A00CF224C /* FRPPhotoImporter.m in Sources */,
				CAB749281D33D5C700CF224C /* ViewController.m in Sources */,
				CAB749461D33DEC200CF224C /* FRPPhotoModel.m in Sources */,
				CAB749251D33D5C700CF224C /* AppDelegate.m in Sources */,
				CAB7495A1D34DB4D00CF224C /* FRPPhotoViewController.m in Sources */,
				CAB7493F1D33D72800CF224C /* FRPGalleryFlowLayout.m in Sources */,
				CAB749421D33D9B400CF224C /* FRPGalleryViewController.m in Sources */,
				CAB749221D33D5C700CF224C /* main.m in Sources */,
				CAB749571D34D54500CF224C /* FRPFullSizePhotoViewController.m in Sources */,
				CAB749541D34C8AE00CF224C /* FRPCell.m in Sources */,
			);
			runOnlyForDeploymentPostprocessing = 0;
		};
/* End PBXSourcesBuildPhase section */

/* Begin PBXVariantGroup section */
		CAB749291D33D5C700CF224C /* Main.storyboard */ = {
			isa = PBXVariantGroup;
			children = (
				CAB7492A1D33D5C700CF224C /* Base */,
			);
			name = Main.storyboard;
			sourceTree = "<group>";
		};
		CAB749311D33D5C700CF224C /* LaunchScreen.storyboard */ = {
			isa = PBXVariantGroup;
			children = (
				CAB749321D33D5C700CF224C /* Base */,
			);
			name = LaunchScreen.storyboard;
			sourceTree = "<group>";
		};
/* End PBXVariantGroup section */

/* Begin XCBuildConfiguration section */
		CAB749351D33D5C700CF224C /* Debug */ = {
			isa = XCBuildConfiguration;
			buildSettings = {
				ALWAYS_SEARCH_USER_PATHS = NO;
				CLANG_ANALYZER_NONNULL = YES;
				CLANG_CXX_LANGUAGE_STANDARD = "gnu++0x";
				CLANG_CXX_LIBRARY = "libc++";
				CLANG_ENABLE_MODULES = YES;
				CLANG_ENABLE_OBJC_ARC = YES;
				CLANG_WARN_BOOL_CONVERSION = YES;
				CLANG_WARN_CONSTANT_CONVERSION = YES;
				CLANG_WARN_DIRECT_OBJC_ISA_USAGE = YES_ERROR;
				CLANG_WARN_EMPTY_BODY = YES;
				CLANG_WARN_ENUM_CONVERSION = YES;
				CLANG_WARN_INT_CONVERSION = YES;
				CLANG_WARN_OBJC_ROOT_CLASS = YES_ERROR;
				CLANG_WARN_UNREACHABLE_CODE = YES;
				CLANG_WARN__DUPLICATE_METHOD_MATCH = YES;
				"CODE_SIGN_IDENTITY[sdk=iphoneos*]" = "iPhone Developer";
				COPY_PHASE_STRIP = NO;
				DEBUG_INFORMATION_FORMAT = dwarf;
				ENABLE_STRICT_OBJC_MSGSEND = YES;
				ENABLE_TESTABILITY = YES;
				GCC_C_LANGUAGE_STANDARD = gnu99;
				GCC_DYNAMIC_NO_PIC = NO;
				GCC_NO_COMMON_BLOCKS = YES;
				GCC_OPTIMIZATION_LEVEL = 0;
				GCC_PREPROCESSOR_DEFINITIONS = (
					"DEBUG=1",
					"$(inherited)",
				);
				GCC_WARN_64_TO_32_BIT_CONVERSION = YES;
				GCC_WARN_ABOUT_RETURN_TYPE = YES_ERROR;
				GCC_WARN_UNDECLARED_SELECTOR = YES;
				GCC_WARN_UNINITIALIZED_AUTOS = YES_AGGRESSIVE;
				GCC_WARN_UNUSED_FUNCTION = YES;
				GCC_WARN_UNUSED_VARIABLE = YES;
				IPHONEOS_DEPLOYMENT_TARGET = 9.3;
				MTL_ENABLE_DEBUG_INFO = YES;
				ONLY_ACTIVE_ARCH = YES;
				SDKROOT = iphoneos;
			};
			name = Debug;
		};
		CAB749361D33D5C700CF224C /* Release */ = {
			isa = XCBuildConfiguration;
			buildSettings = {
				ALWAYS_SEARCH_USER_PATHS = NO;
				CLANG_ANALYZER_NONNULL = YES;
				CLANG_CXX_LANGUAGE_STANDARD = "gnu++0x";
				CLANG_CXX_LIBRARY = "libc++";
				CLANG_ENABLE_MODULES = YES;
				CLANG_ENABLE_OBJC_ARC = YES;
				CLANG_WARN_BOOL_CONVERSION = YES;
				CLANG_WARN_CONSTANT_CONVERSION = YES;
				CLANG_WARN_DIRECT_OBJC_ISA_USAGE = YES_ERROR;
				CLANG_WARN_EMPTY_BODY = YES;
				CLANG_WARN_ENUM_CONVERSION = YES;
				CLANG_WARN_INT_CONVERSION = YES;
				CLANG_WARN_OBJC_ROOT_CLASS = YES_ERROR;
				CLANG_WARN_UNREACHABLE_CODE = YES;
				CLANG_WARN__DUPLICATE_METHOD_MATCH = YES;
				"CODE_SIGN_IDENTITY[sdk=iphoneos*]" = "iPhone Developer";
				COPY_PHASE_STRIP = NO;
				DEBUG_INFORMATION_FORMAT = "dwarf-with-dsym";
				ENABLE_NS_ASSERTIONS = NO;
				ENABLE_STRICT_OBJC_MSGSEND = YES;
				GCC_C_LANGUAGE_STANDARD = gnu99;
				GCC_NO_COMMON_BLOCKS = YES;
				GCC_WARN_64_TO_32_BIT_CONVERSION = YES;
				GCC_WARN_ABOUT_RETURN_TYPE = YES_ERROR;
				GCC_WARN_UNDECLARED_SELECTOR = YES;
				GCC_WARN_UNINITIALIZED_AUTOS = YES_AGGRESSIVE;
				GCC_WARN_UNUSED_FUNCTION = YES;
				GCC_WARN_UNUSED_VARIABLE = YES;
				IPHONEOS_DEPLOYMENT_TARGET = 9.3;
				MTL_ENABLE_DEBUG_INFO = NO;
				SDKROOT = iphoneos;
				VALIDATE_PRODUCT = YES;
			};
			name = Release;
		};
		CAB749381D33D5C700CF224C /* Debug */ = {
			isa = XCBuildConfiguration;
			baseConfigurationReference = EDDB3645049D8558B545BA47 /* Pods-FunctionalReactivePixels.debug.xcconfig */;
			buildSettings = {
				ASSETCATALOG_COMPILER_APPICON_NAME = AppIcon;
				DEVELOPMENT_TEAM = 8VXJWE28Q2;
				GCC_PREFIX_HEADER = "FunctionalReactivePixels/FRPixels-Prefix.pch";
				INFOPLIST_FILE = FunctionalReactivePixels/Info.plist;
				LD_RUNPATH_SEARCH_PATHS = "$(inherited) @executable_path/Frameworks";
				PRODUCT_BUNDLE_IDENTIFIER = mcan.FunctionalReactivePixels;
				PRODUCT_NAME = "$(TARGET_NAME)";
			};
			name = Debug;
		};
		CAB749391D33D5C700CF224C /* Release */ = {
			isa = XCBuildConfiguration;
			baseConfigurationReference = 6C0D325733B7111599BD185A /* Pods-FunctionalReactivePixels.release.xcconfig */;
			buildSettings = {
				ASSETCATALOG_COMPILER_APPICON_NAME = AppIcon;
				DEVELOPMENT_TEAM = 8VXJWE28Q2;
				GCC_PREFIX_HEADER = "FunctionalReactivePixels/FRPixels-Prefix.pch";
				INFOPLIST_FILE = FunctionalReactivePixels/Info.plist;
				LD_RUNPATH_SEARCH_PATHS = "$(inherited) @executable_path/Frameworks";
				PRODUCT_BUNDLE_IDENTIFIER = mcan.FunctionalReactivePixels;
				PRODUCT_NAME = "$(TARGET_NAME)";
			};
			name = Release;
		};
/* End XCBuildConfiguration section */

/* Begin XCConfigurationList section */
		CAB749181D33D5C700CF224C /* Build configuration list for PBXProject "FunctionalReactivePixels" */ = {
			isa = XCConfigurationList;
			buildConfigurations = (
				CAB749351D33D5C700CF224C /* Debug */,
				CAB749361D33D5C700CF224C /* Release */,
			);
			defaultConfigurationIsVisible = 0;
			defaultConfigurationName = Release;
		};
		CAB749371D33D5C700CF224C /* Build configuration list for PBXNativeTarget "FunctionalReactivePixels" */ = {
			isa = XCConfigurationList;
			buildConfigurations = (
				CAB749381D33D5C700CF224C /* Debug */,
				CAB749391D33D5C700CF224C /* Release */,
			);
			defaultConfigurationIsVisible = 0;
			defaultConfigurationName = Release;
		};
/* End XCConfigurationList section */

/* Begin XCVersionGroup section */
		CAB7492C1D33D5C700CF224C /* FunctionalReactivePixels.xcdatamodeld */ = {
			isa = XCVersionGroup;
			children = (
				CAB7492D1D33D5C700CF224C /* FunctionalReactivePixels.xcdatamodel */,
			);
			currentVersion = CAB7492D1D33D5C700CF224C /* FunctionalReactivePixels.xcdatamodel */;
			path = FunctionalReactivePixels.xcdatamodeld;
			sourceTree = "<group>";
			versionGroupType = wrapper.xcdatamodel;
		};
/* End XCVersionGroup section */
	};
	rootObject = CAB749151D33D5C700CF224C /* Project object */;
}
